{
  "lockfile_version": "1",
  "packages": {
    "angle-grinder@latest": {
      "last_modified": "2023-11-17T14:14:56Z",
      "resolved": "github:NixOS/nixpkgs/a71323f68d4377d12c04a5410e214495ec598d4c#angle-grinder",
      "source": "devbox-search",
      "version": "0.19.2",
      "systems": {
        "aarch64-darwin": {
          "store_path": "/nix/store/rzlwfy881wgy179p1a6h6gilapki44bg-angle-grinder-0.19.2"
        },
        "aarch64-linux": {
          "store_path": "/nix/store/id5y7c0n548wh08wvcs4q98l147xp55h-angle-grinder-0.19.2"
        },
        "x86_64-darwin": {
          "store_path": "/nix/store/h3q3yczxii707l7kckx0kmnp8k0v0pbi-angle-grinder-0.19.2"
        },
        "x86_64-linux": {
          "store_path": "/nix/store/2zj77c2akjpqk6r3wcjcdyfiqm87wk0y-angle-grinder-0.19.2"
        }
      }
    },
    "choose@latest": {
      "last_modified": "2023-11-17T14:14:56Z",
      "resolved": "github:NixOS/nixpkgs/a71323f68d4377d12c04a5410e214495ec598d4c#choose",
      "source": "devbox-search",
      "version": "1.3.4",
      "systems": {
        "aarch64-darwin": {
          "store_path": "/nix/store/7q3q0kn4gvc2iq0l96185bk8bdil5cmq-choose-1.3.4"
        },
        "aarch64-linux": {
          "store_path": "/nix/store/qjg2n253cj9zdz1jy27fzvaas0lp6mph-choose-1.3.4"
        },
        "x86_64-darwin": {
          "store_path": "/nix/store/d473w81mb0if1mylplw9539qxnivlcj0-choose-1.3.4"
        },
        "x86_64-linux": {
          "store_path": "/nix/store/2wkci9gs475makrqngdn6d9by8sb9ziq-choose-1.3.4"
        }
      }
    },
    "entr@latest": {
      "last_modified": "2023-11-19T00:55:35Z",
      "resolved": "github:NixOS/nixpkgs/9ea24fc7e02b65c150c88e1412400b70087bd382#entr",
      "source": "devbox-search",
      "version": "5.5",
      "systems": {
        "aarch64-darwin": {
          "store_path": "/nix/store/x4qylqklkvcdcqrzgsmvwq9y4hpjslgk-entr-5.5"
        },
        "aarch64-linux": {
          "store_path": "/nix/store/1vln5fkki41rv93f374akxsh4pihi5wg-entr-5.5"
        },
        "x86_64-darwin": {
          "store_path": "/nix/store/rqarkn836hyhf9s2kk0z97lwk2gkba32-entr-5.5"
        },
        "x86_64-linux": {
          "store_path": "/nix/store/s9rx0a4h97hf2lmr2h0glyb50bns9cx2-entr-5.5"
        }
      }
    },
    "eza@latest": {
      "last_modified": "2023-12-14T07:33:05Z",
      "resolved": "github:NixOS/nixpkgs/aa9d4729cbc99dabacb50e3994dcefb3ea0f7447#eza",
      "source": "devbox-search",
      "version": "0.17.0",
      "systems": {
        "aarch64-darwin": {
          "store_path": "/nix/store/drs4kmigk8ccy601365zbdhypzali7s5-eza-0.17.0"
        },
        "aarch64-linux": {
          "store_path": "/nix/store/abprvxbxizl7i5zwl8aq1d31fx0diidb-eza-0.17.0"
        },
        "x86_64-darwin": {
          "store_path": "/nix/store/4r5g176mr1jqsw3mp9cw0x6jdnwpc009-eza-0.17.0"
        },
        "x86_64-linux": {
          "store_path": "/nix/store/v35mszl4kgcjc1v76dkfgw24lsbgn9ya-eza-0.17.0"
        }
      }
    },
    "fd@latest": {
      "last_modified": "2023-11-17T14:14:56Z",
      "resolved": "github:NixOS/nixpkgs/a71323f68d4377d12c04a5410e214495ec598d4c#fd",
      "source": "devbox-search",
      "version": "8.7.1",
      "systems": {
        "aarch64-darwin": {
          "store_path": "/nix/store/42prm166n25p6jkqfr8p15006qq90dji-fd-8.7.1"
        },
        "aarch64-linux": {
          "store_path": "/nix/store/5c04pksg8amw4lgpy0giblbnrmds5b9d-fd-8.7.1"
        },
        "x86_64-darwin": {
          "store_path": "/nix/store/wb4w67qrh3gqi9dnijcgy8va4f88ksar-fd-8.7.1"
        },
        "x86_64-linux": {
          "store_path": "/nix/store/57sfr6cpfm92l8yprgz4m05jmcpk0awy-fd-8.7.1"
        }
      }
    },
    "fx@latest": {
      "last_modified": "2023-11-17T14:14:56Z",
      "resolved": "github:NixOS/nixpkgs/a71323f68d4377d12c04a5410e214495ec598d4c#fx",
      "source": "devbox-search",
      "version": "31.0.0",
      "systems": {
        "aarch64-darwin": {
          "store_path": "/nix/store/qmmkhh0d4kli5138bsrln888drary14p-fx-31.0.0"
        },
        "aarch64-linux": {
          "store_path": "/nix/store/pqv55q7bqwhlwg2wqm6lr5dw2kr6zjwj-fx-31.0.0"
        },
        "x86_64-darwin": {
          "store_path": "/nix/store/887lm76wj9y9fwi3j3cyp19bv00m3ifs-fx-31.0.0"
        },
        "x86_64-linux": {
          "store_path": "/nix/store/rdd9ypwh16s4p4v7w31jdvbsfzjvg7sa-fx-31.0.0"
        }
      }
    },
    "go@latest": {
      "last_modified": "2024-01-27T14:55:31Z",
      "resolved": "github:NixOS/nixpkgs/160b762eda6d139ac10ae081f8f78d640dd523eb#go",
      "source": "devbox-search",
      "version": "1.21.6",
      "systems": {
        "aarch64-darwin": {
          "store_path": "/nix/store/8m3wjb23sfbjpjsj4l82b4zh9xnw62hh-go-1.21.6"
        },
        "aarch64-linux": {
          "store_path": "/nix/store/ia1z2slwgdgibad4z42rpd1dib7gk999-go-1.21.6"
        },
        "x86_64-darwin": {
          "store_path": "/nix/store/dm4s4dfrah5zhl6larnrbh07v76j4pgy-go-1.21.6"
        },
        "x86_64-linux": {
          "store_path": "/nix/store/cw9dqybf9w6wp7827h23pb3ym8gs8h47-go-1.21.6"
        }
      }
    },
    "gron@latest": {
      "last_modified": "2023-11-17T14:14:56Z",
      "resolved": "github:NixOS/nixpkgs/a71323f68d4377d12c04a5410e214495ec598d4c#gron",
      "source": "devbox-search",
      "version": "0.7.1",
      "systems": {
        "aarch64-darwin": {
          "store_path": "/nix/store/i9jwdj8fq82bhfgjffyr2w9bswjrgjvg-gron-0.7.1"
        },
        "aarch64-linux": {
          "store_path": "/nix/store/v5494z5qxiay0hp4lym3pmp7jjlr00s1-gron-0.7.1"
        },
        "x86_64-darwin": {
          "store_path": "/nix/store/k5i8fjqjbai9s7bqr41w0gs1757sff2z-gron-0.7.1"
        },
        "x86_64-linux": {
          "store_path": "/nix/store/4z6d1960bb21dl5lcjq4k2gya53qkwgn-gron-0.7.1"
        }
      }
    },
    "jless@latest": {
      "last_modified": "2023-11-17T14:14:56Z",
      "resolved": "github:NixOS/nixpkgs/a71323f68d4377d12c04a5410e214495ec598d4c#jless",
      "source": "devbox-search",
      "version": "0.9.0",
      "systems": {
        "aarch64-darwin": {
          "store_path": "/nix/store/rcwffgpnmchqx24nf0d9y36jyrdx2amw-jless-0.9.0"
        },
        "aarch64-linux": {
          "store_path": "/nix/store/a8l5mkp050k0gx4g3i30mm0z0lm4wfc8-jless-0.9.0"
        },
        "x86_64-darwin": {
          "store_path": "/nix/store/w3278dih82gkq780rz9hkq0zsfg9v99m-jless-0.9.0"
        },
        "x86_64-linux": {
          "store_path": "/nix/store/dw1kwfs7l2cyzm43pvi7lms108w5n7px-jless-0.9.0"
        }
      }
    },
    "lazydocker@latest": {
      "last_modified": "2023-11-17T14:14:56Z",
      "resolved": "github:NixOS/nixpkgs/a71323f68d4377d12c04a5410e214495ec598d4c#lazydocker",
      "source": "devbox-search",
      "version": "0.23.1",
      "systems": {
        "aarch64-darwin": {
          "store_path": "/nix/store/cjy1yyr5c015jj6g22qwspgkanhj8d73-lazydocker-0.23.1"
        },
        "aarch64-linux": {
          "store_path": "/nix/store/k0nzr937pyvjndvf9k102q3cq4wlb7hq-lazydocker-0.23.1"
        },
        "x86_64-darwin": {
          "store_path": "/nix/store/9svynjsag4zbylmg9d7wravc4ykh2gip-lazydocker-0.23.1"
        },
        "x86_64-linux": {
          "store_path": "/nix/store/y2x3y5xzrddm9xjlklf19xvpyrw07n28-lazydocker-0.23.1"
        }
      }
    },
    "lazygit@latest": {
      "last_modified": "2023-11-17T14:14:56Z",
      "resolved": "github:NixOS/nixpkgs/a71323f68d4377d12c04a5410e214495ec598d4c#lazygit",
      "source": "devbox-search",
      "version": "0.40.2",
      "systems": {
        "aarch64-darwin": {
          "store_path": "/nix/store/kzbwg61859ham64gmgnmgzxady1gjgbd-lazygit-0.40.2"
        },
        "aarch64-linux": {
          "store_path": "/nix/store/x1kf16m6d1baqpylhfnriv6j4j39bbc1-lazygit-0.40.2"
        },
        "x86_64-darwin": {
          "store_path": "/nix/store/cfw1hqanarvwlndjnbkmv7212b9mcd1b-lazygit-0.40.2"
        },
        "x86_64-linux": {
          "store_path": "/nix/store/ql64yx3wqb042savy6lindp69z0mv8c8-lazygit-0.40.2"
        }
      }
    },
    "litecli@latest": {
      "last_modified": "2024-01-14T03:55:27Z",
      "resolved": "github:NixOS/nixpkgs/dd5621df6dcb90122b50da5ec31c411a0de3e538#litecli",
      "source": "devbox-search",
      "version": "1.9.0",
      "systems": {
        "aarch64-darwin": {
          "store_path": "/nix/store/zlkpp8bpzwbdp1j20hlj3a9nyjnav2vv-litecli-1.9.0"
        },
        "aarch64-linux": {
          "store_path": "/nix/store/418r017rmmj7yyq4z0zwg2g1axl1lxgq-litecli-1.9.0"
        },
        "x86_64-darwin": {
          "store_path": "/nix/store/47hxq62p12sywy3vasm20j8xdwk0ma6g-litecli-1.9.0"
        },
        "x86_64-linux": {
          "store_path": "/nix/store/rl908vgzzi7hlpaxjfwyzfvvyy4l6gi4-litecli-1.9.0"
        }
      }
    },
    "navi@latest": {
      "last_modified": "2023-11-24T20:01:39Z",
      "resolved": "github:NixOS/nixpkgs/0bd59c54ef06bc34eca01e37d689f5e46b3fe2f1#navi",
      "source": "devbox-search",
      "version": "2.22.1",
      "systems": {
        "aarch64-darwin": {
          "store_path": "/nix/store/m6wafkcrml946qbnmn1hy0mxwcgfsg54-navi-2.22.1"
        },
        "aarch64-linux": {
          "store_path": "/nix/store/19xxwjxqhfk6iapb54lsar7i8h3kb19i-navi-2.22.1"
        },
        "x86_64-darwin": {
          "store_path": "/nix/store/pdyv0cf6l8djax5b9qb8mql4np9ai2b1-navi-2.22.1"
        },
        "x86_64-linux": {
          "store_path": "/nix/store/kgcipdwp2jgij02nadw83xk9dj2yizw6-navi-2.22.1"
        }
      }
    },
    "neovim@latest": {
      "last_modified": "2024-05-24T22:06:51Z",
      "resolved": "github:NixOS/nixpkgs/1a9df4f74273f90d04e621e8516777efcec2802a#neovim",
      "source": "devbox-search",
      "version": "0.10.0",
      "systems": {
        "aarch64-darwin": {
          "outputs": [
            {
              "name": "out",
              "path": "/nix/store/64bn8ps18dpwb6g0pmiwgfq619mlzglm-neovim-0.10.0",
              "default": true
            }
          ],
          "store_path": "/nix/store/64bn8ps18dpwb6g0pmiwgfq619mlzglm-neovim-0.10.0"
        },
        "aarch64-linux": {
          "outputs": [
            {
              "name": "out",
              "path": "/nix/store/nrwim7xzajfc3w1l9nahwshir6hcq7im-neovim-0.10.0",
              "default": true
            }
          ],
          "store_path": "/nix/store/nrwim7xzajfc3w1l9nahwshir6hcq7im-neovim-0.10.0"
        },
        "x86_64-darwin": {
          "outputs": [
            {
              "name": "out",
              "path": "/nix/store/7wi6j05kpzcs90g9g10s5r9dnr8l83a7-neovim-0.10.0",
              "default": true
            }
          ],
          "store_path": "/nix/store/7wi6j05kpzcs90g9g10s5r9dnr8l83a7-neovim-0.10.0"
        },
        "x86_64-linux": {
          "outputs": [
            {
              "name": "out",
              "path": "/nix/store/m9nqvj3xqqrzanpg9g2awkh8rc987qq6-neovim-0.10.0",
              "default": true
            }
          ],
          "store_path": "/nix/store/m9nqvj3xqqrzanpg9g2awkh8rc987qq6-neovim-0.10.0"
        }
      }
    },
    "tldr@latest": {
      "last_modified": "2023-11-17T14:14:56Z",
      "resolved": "github:NixOS/nixpkgs/a71323f68d4377d12c04a5410e214495ec598d4c#tldr",
      "source": "devbox-search",
      "version": "1.6.0",
      "systems": {
        "aarch64-darwin": {
          "store_path": "/nix/store/322kx1kbf2h2y6hilyvmmy6hwawaamgq-tldr-1.6.0"
        },
        "aarch64-linux": {
          "store_path": "/nix/store/yq1j97a81brv87cfv0l0xh2v41nvjf1d-tldr-1.6.0"
        },
        "x86_64-darwin": {
          "store_path": "/nix/store/hh69qlnzg9rslv5vpm6b502s96qmm0py-tldr-1.6.0"
        },
        "x86_64-linux": {
          "store_path": "/nix/store/7ks5i49ra5h57m17zdzaljj9knrwvlb5-tldr-1.6.0"
        }
      }
    },
    "tree@latest": {
      "last_modified": "2023-12-11T05:36:02Z",
      "resolved": "github:NixOS/nixpkgs/e97b3e4186bcadf0ef1b6be22b8558eab1cdeb5d#tree",
      "source": "devbox-search",
      "version": "2.1.1",
      "systems": {
        "aarch64-darwin": {
          "store_path": "/nix/store/pnn20zni6dnvcr23acaa2l859ds54x7f-tree-2.1.1"
        },
        "aarch64-linux": {
          "store_path": "/nix/store/lqkn7p5pswwa6xyknqc5j69l0dv5fqjg-tree-2.1.1"
        },
        "x86_64-darwin": {
          "store_path": "/nix/store/wazx1r2lmapn2g9allqhs3dbl3rppx13-tree-2.1.1"
        },
        "x86_64-linux": {
          "store_path": "/nix/store/y9x314ap02i1s01ggkh4nmm54ks2ly5d-tree-2.1.1"
        }
      }
    },
    "yarn@latest": {
      "last_modified": "2023-11-17T14:14:56Z",
      "resolved": "github:NixOS/nixpkgs/a71323f68d4377d12c04a5410e214495ec598d4c#yarn",
      "source": "devbox-search",
      "version": "1.22.19",
      "systems": {
        "aarch64-darwin": {
          "store_path": "/nix/store/9kl1b483qxmq4if81i6affypgcrxpmsh-yarn-1.22.19"
        },
        "aarch64-linux": {
          "store_path": "/nix/store/9anf7k5wdi6nzw4aza3iybjb934lhslf-yarn-1.22.19"
        },
        "x86_64-darwin": {
          "store_path": "/nix/store/52fi34gw8jzspa1qyb8ld2nn7iifggib-yarn-1.22.19"
        },
        "x86_64-linux": {
          "store_path": "/nix/store/yickii092b1il40gdjd65nvwx32ss7rb-yarn-1.22.19"
        }
      }
    },
    "yq@latest": {
      "last_modified": "2024-04-19T17:36:04-04:00",
      "resolved": "github:NixOS/nixpkgs/92d295f588631b0db2da509f381b4fb1e74173c5#yq",
      "source": "devbox-search",
      "version": "3.4.1",
      "systems": {
        "aarch64-darwin": {
          "outputs": [
            {
              "name": "out",
              "path": "/nix/store/l9ll6kz8a8jnszwkz93na4mnn10bagbk-python3.11-yq-3.4.1",
              "default": true
            },
            {
              "name": "dist",
              "path": "/nix/store/4b199dgzjskcmcj92s5a66cc6s1dasrm-python3.11-yq-3.4.1-dist"
            }
          ],
          "store_path": "/nix/store/l9ll6kz8a8jnszwkz93na4mnn10bagbk-python3.11-yq-3.4.1"
        },
        "aarch64-linux": {
          "outputs": [
            {
              "name": "out",
              "path": "/nix/store/lrws1dpc53pl4r2ryxj2plzfhg9zg7xq-python3.11-yq-3.4.1",
              "default": true
            },
            {
              "name": "dist",
              "path": "/nix/store/liclk68jamrhjrmlx3rksx5qlhlj8hv7-python3.11-yq-3.4.1-dist"
            }
          ],
          "store_path": "/nix/store/lrws1dpc53pl4r2ryxj2plzfhg9zg7xq-python3.11-yq-3.4.1"
        },
        "x86_64-darwin": {
          "outputs": [
            {
              "name": "out",
              "path": "/nix/store/glhvym0yid4wrmc7ww7y6w1kglf154rw-python3.11-yq-3.4.1",
              "default": true
            },
            {
              "name": "dist",
              "path": "/nix/store/jr39kjsd44v5agwhw9xsifxc42swdlnr-python3.11-yq-3.4.1-dist"
            }
          ],
          "store_path": "/nix/store/glhvym0yid4wrmc7ww7y6w1kglf154rw-python3.11-yq-3.4.1"
        },
        "x86_64-linux": {
          "outputs": [
            {
              "name": "out",
              "path": "/nix/store/9ic6r325lik02jadw8qsynqah5h96b9y-python3.11-yq-3.4.1",
              "default": true
            },
            {
              "name": "dist",
              "path": "/nix/store/9ki2dnhwl6bbzi9z1aqzpb590lpz85p5-python3.11-yq-3.4.1-dist"
            }
          ],
          "store_path": "/nix/store/9ic6r325lik02jadw8qsynqah5h96b9y-python3.11-yq-3.4.1"
        }
      }
    },
    "zoxide@latest": {
      "last_modified": "2024-02-01T15:59:28Z",
      "resolved": "github:NixOS/nixpkgs/f38bca1ca559974b36863d0ff4bb710b7bc12890#zoxide",
      "source": "devbox-search",
      "version": "2023-11-20",
      "systems": {
        "aarch64-darwin": {
          "store_path": "/nix/store/brw508nm00109cr9pbccrw6gkc2r03zv-zoxide-unstable-2023-11-20"
        },
        "aarch64-linux": {
          "store_path": "/nix/store/3ha1jl500mcl7k2hd1fr9xqqm0mpn6yk-zoxide-unstable-2023-11-20"
        },
        "x86_64-darwin": {
          "store_path": "/nix/store/jb8lsc5mr4idq0df9bj54nf5gaa85gmn-zoxide-unstable-2023-11-20"
        },
        "x86_64-linux": {
          "store_path": "/nix/store/v3qfsszihzmd0slpq5l02sn7jinrca4m-zoxide-unstable-2023-11-20"
        }
      }
    }
  }
}
