{
  "lockfileVersion": 3,
  "name": "dotfile_install",
  "packages": {
    "": {
      "dependencies": {
        "@openai/codex": "^0"
      },
      "name": "dotfile_install",
      "version": "0.0.0"
    },
    "node_modules/@openai/codex": {
      "bin": {
        "codex": "bin/codex.js"
      },
      "engines": {
        "node": ">=16"
      },
      "integrity": "sha512-QeArR/mZ7/9rlf+wRoID0w46na86fzdRh77yB3tCXZfPwypn3Qv1eZrIjZDYtfRE9hiZ6AcrShGYfsmVRt1hzg==",
      "license": "Apache-2.0",
      "resolved": "https://registry.npmjs.org/@openai/codex/-/codex-0.73.0.tgz",
      "version": "0.73.0"
    }
  },
  "requires": true,
  "version": "0.0.0"
}
