{
  "lockfileVersion": 3,
  "name": "dotfile_install",
  "packages": {
    "": {
      "dependencies": {
        "@openai/codex": "^0"
      },
      "name": "dotfile_install",
      "version": "0.0.0"
    },
    "node_modules/@openai/codex": {
      "bin": {
        "codex": "bin/codex.js"
      },
      "engines": {
        "node": ">=16"
      },
      "integrity": "sha512-tnER1vtbrk5DDIz9raQC16lXqLZ3+DiWjoBHHPS9Sc8kybjP3LodDQTYaCfz8lRMkT0vFgEEXpm4hHH/lGN5yw==",
      "license": "Apache-2.0",
      "optionalDependencies": {
        "@openai/codex-darwin-arm64": "npm:@openai/codex@0.99.0-darwin-arm64",
        "@openai/codex-darwin-x64": "npm:@openai/codex@0.99.0-darwin-x64",
        "@openai/codex-linux-arm64": "npm:@openai/codex@0.99.0-linux-arm64",
        "@openai/codex-linux-x64": "npm:@openai/codex@0.99.0-linux-x64",
        "@openai/codex-win32-arm64": "npm:@openai/codex@0.99.0-win32-arm64",
        "@openai/codex-win32-x64": "npm:@openai/codex@0.99.0-win32-x64"
      },
      "resolved": "https://registry.npmjs.org/@openai/codex/-/codex-0.99.0.tgz",
      "version": "0.99.0"
    },
    "node_modules/@openai/codex-darwin-arm64": {
      "cpu": [
        "arm64"
      ],
      "engines": {
        "node": ">=16"
      },
      "integrity": "sha512-pu02RGrHbdCbPKAJBvOQx5sfIr78CZ7BtlG2jMhiyX2QXin7+WJ2jsGXtjJSpNU4ttmieuuHGXKLMgjsw+/6vg==",
      "license": "Apache-2.0",
      "name": "@openai/codex",
      "optional": true,
      "os": [
        "darwin"
      ],
      "resolved": "https://registry.npmjs.org/@openai/codex/-/codex-0.99.0-darwin-arm64.tgz",
      "version": "0.99.0-darwin-arm64"
    },
    "node_modules/@openai/codex-darwin-x64": {
      "cpu": [
        "x64"
      ],
      "engines": {
        "node": ">=16"
      },
      "integrity": "sha512-01pdi8QvcSgSJf+uZ7kwUcsOmX7LBfOfjt5Xvfo03kuv2cM/PupKs14xKcflH1ABwLDlW9zDQNVDxl9Y7wVzeA==",
      "license": "Apache-2.0",
      "name": "@openai/codex",
      "optional": true,
      "os": [
        "darwin"
      ],
      "resolved": "https://registry.npmjs.org/@openai/codex/-/codex-0.99.0-darwin-x64.tgz",
      "version": "0.99.0-darwin-x64"
    },
    "node_modules/@openai/codex-linux-arm64": {
      "cpu": [
        "arm64"
      ],
      "engines": {
        "node": ">=16"
      },
      "integrity": "sha512-kh7w0Doi33auugqKBNmEr5ah+vnmlPLNsGDIBCnHsgAfFrB9aHjhpECzOSOCb9KKn5P5J9iFmZEl8FLnMkcLHA==",
      "license": "Apache-2.0",
      "name": "@openai/codex",
      "optional": true,
      "os": [
        "linux"
      ],
      "resolved": "https://registry.npmjs.org/@openai/codex/-/codex-0.99.0-linux-arm64.tgz",
      "version": "0.99.0-linux-arm64"
    },
    "node_modules/@openai/codex-linux-x64": {
      "cpu": [
        "x64"
      ],
      "engines": {
        "node": ">=16"
      },
      "integrity": "sha512-s6XTH/Qq0DBeSf3XlFX43QQdikcWRH9GfyAfn/Fo0CxeEs/bySXUAzODw01Vkp54Z8mXXfVTjsrVWNUYwfEzKg==",
      "license": "Apache-2.0",
      "name": "@openai/codex",
      "optional": true,
      "os": [
        "linux"
      ],
      "resolved": "https://registry.npmjs.org/@openai/codex/-/codex-0.99.0-linux-x64.tgz",
      "version": "0.99.0-linux-x64"
    },
    "node_modules/@openai/codex-win32-arm64": {
      "cpu": [
        "arm64"
      ],
      "engines": {
        "node": ">=16"
      },
      "integrity": "sha512-mzsOh+lZRmd9hTuykp8a6qxNN+co6vgihL22XYu6SCpdfJTWCkKSDgz5HfZEggQRoxNAhd55uIiTm+v9WUSmwg==",
      "license": "Apache-2.0",
      "name": "@openai/codex",
      "optional": true,
      "os": [
        "win32"
      ],
      "resolved": "https://registry.npmjs.org/@openai/codex/-/codex-0.99.0-win32-arm64.tgz",
      "version": "0.99.0-win32-arm64"
    },
    "node_modules/@openai/codex-win32-x64": {
      "cpu": [
        "x64"
      ],
      "engines": {
        "node": ">=16"
      },
      "integrity": "sha512-vb7jcKgBs/DpjF9RFalbuuGzvr8ksW+OcfX03c+sjrHoI+N9kXBVbqWXxUvk28fUAkTOeZDeWdclZEW7p+B0Lw==",
      "license": "Apache-2.0",
      "name": "@openai/codex",
      "optional": true,
      "os": [
        "win32"
      ],
      "resolved": "https://registry.npmjs.org/@openai/codex/-/codex-0.99.0-win32-x64.tgz",
      "version": "0.99.0-win32-x64"
    }
  },
  "requires": true,
  "version": "0.0.0"
}
