{
  "lockfileVersion": 3,
  "name": "dotfile_install",
  "packages": {
    "": {
      "dependencies": {
        "@openai/codex": "^0"
      },
      "name": "dotfile_install",
      "version": "0.0.0"
    },
    "node_modules/@openai/codex": {
      "bin": {
        "codex": "bin/codex.js"
      },
      "engines": {
        "node": ">=16"
      },
      "integrity": "sha512-U1DWDy7eTjx+SF32Wx9oO6cyX1dd9WiRvIW4XCP3FVcv7Xq7CSCvDrFAdzpFxPNPg6CLz9a4qtO42yntpcJpDw==",
      "license": "Apache-2.0",
      "resolved": "https://registry.npmjs.org/@openai/codex/-/codex-0.80.0.tgz",
      "version": "0.80.0"
    }
  },
  "requires": true,
  "version": "0.0.0"
}
